# @generated - this file is auto-generated by `mise lock` https://mise.jdx.dev/dev-tools/mise-lock.html

lockfile_version = 2

[[tools."aqua:apple/pkl"]]
version = "0.31.1"
backend = "aqua:apple/pkl"
specifiers = ["0.31.1"]

[[tools."aqua:jdx/hk"]]
version = "1.53.0"
backend = "aqua:jdx/hk"
specifiers = ["1.53.0"]

[[tools."aqua:rhysd/actionlint"]]
version = "1.7.12"
backend = "aqua:rhysd/actionlint"
specifiers = ["1.7.12"]

[[tools."aqua:zizmorcore/zizmor"]]
version = "1.24.1"
backend = "aqua:zizmorcore/zizmor"
specifiers = ["1.24.1"]
